
Microsoft Visual Studio Solution File, Format Version 12.00
# Visual Studio 14
VisualStudioVersion = 14.0.25420.1
MinimumVisualStudioVersion = 10.0.40219.1
Project("{FAE04EC0-301F-11D3-BF4B-00C04F79EFBC}") = "FieldWorksApp", "FieldWorksApp\FieldWorksApp\FieldWorksApp.csproj", "{9C63F897-7B93-4E3D-BA25-D46B97420C1F}"
EndProject
Project("{FAE04EC0-301F-11D3-BF4B-00C04F79EFBC}") = "FieldWorksApp.Droid", "FieldWorksApp\FieldWorksApp.Droid\FieldWorksApp.Droid.csproj", "{5DECE498-FC32-4B05-A8D4-01202758560A}"
EndProject
Project("{FAE04EC0-301F-11D3-BF4B-00C04F79EFBC}") = "FieldWorksApp.iOS", "FieldWorksApp\FieldWorksApp.iOS\FieldWorksApp.iOS.csproj", "{2239BC58-BF12-44FD-8238-9F2CF13C95F9}"
EndProject
Project("{FAE04EC0-301F-11D3-BF4B-00C04F79EFBC}") = "FieldWorksApp.UWP", "FieldWorksApp\FieldWorksApp.UWP\FieldWorksApp.UWP.csproj", "{4F214951-FB2C-40AE-A120-C3E94A84DC5B}"
EndProject
Global
	GlobalSection(SolutionConfigurationPlatforms) = preSolution
		Ad-Hoc|Any CPU = Ad-Hoc|Any CPU
		Ad-Hoc|ARM = Ad-Hoc|ARM
		Ad-Hoc|iPhone = Ad-Hoc|iPhone
		Ad-Hoc|iPhoneSimulator = Ad-Hoc|iPhoneSimulator
		Ad-Hoc|x64 = Ad-Hoc|x64
		Ad-Hoc|x86 = Ad-Hoc|x86
		AppStore|Any CPU = AppStore|Any CPU
		AppStore|ARM = AppStore|ARM
		AppStore|iPhone = AppStore|iPhone
		AppStore|iPhoneSimulator = AppStore|iPhoneSimulator
		AppStore|x64 = AppStore|x64
		AppStore|x86 = AppStore|x86
		Debug|Any CPU = Debug|Any CPU
		Debug|ARM = Debug|ARM
		Debug|iPhone = Debug|iPhone
		Debug|iPhoneSimulator = Debug|iPhoneSimulator
		Debug|x64 = Debug|x64
		Debug|x86 = Debug|x86
		Release|Any CPU = Release|Any CPU
		Release|ARM = Release|ARM
		Release|iPhone = Release|iPhone
		Release|iPhoneSimulator = Release|iPhoneSimulator
		Release|x64 = Release|x64
		Release|x86 = Release|x86
	EndGlobalSection
	GlobalSection(ProjectConfigurationPlatforms) = postSolution
		{9C63F897-7B93-4E3D-BA25-D46B97420C1F}.Ad-Hoc|Any CPU.ActiveCfg = Release|Any CPU
		{9C63F897-7B93-4E3D-BA25-D46B97420C1F}.Ad-Hoc|Any CPU.Build.0 = Release|Any CPU
		{9C63F897-7B93-4E3D-BA25-D46B97420C1F}.Ad-Hoc|ARM.ActiveCfg = Release|Any CPU
		{9C63F897-7B93-4E3D-BA25-D46B97420C1F}.Ad-Hoc|ARM.Build.0 = Release|Any CPU
		{9C63F897-7B93-4E3D-BA25-D46B97420C1F}.Ad-Hoc|iPhone.ActiveCfg = Release|Any CPU
		{9C63F897-7B93-4E3D-BA25-D46B97420C1F}.Ad-Hoc|iPhone.Build.0 = Release|Any CPU
		{9C63F897-7B93-4E3D-BA25-D46B97420C1F}.Ad-Hoc|iPhoneSimulator.ActiveCfg = Release|Any CPU
		{9C63F897-7B93-4E3D-BA25-D46B97420C1F}.Ad-Hoc|iPhoneSimulator.Build.0 = Release|Any CPU
		{9C63F897-7B93-4E3D-BA25-D46B97420C1F}.Ad-Hoc|x64.ActiveCfg = Release|Any CPU
		{9C63F897-7B93-4E3D-BA25-D46B97420C1F}.Ad-Hoc|x64.Build.0 = Release|Any CPU
		{9C63F897-7B93-4E3D-BA25-D46B97420C1F}.Ad-Hoc|x86.ActiveCfg = Release|Any CPU
		{9C63F897-7B93-4E3D-BA25-D46B97420C1F}.Ad-Hoc|x86.Build.0 = Release|Any CPU
		{9C63F897-7B93-4E3D-BA25-D46B97420C1F}.AppStore|Any CPU.ActiveCfg = Release|Any CPU
		{9C63F897-7B93-4E3D-BA25-D46B97420C1F}.AppStore|Any CPU.Build.0 = Release|Any CPU
		{9C63F897-7B93-4E3D-BA25-D46B97420C1F}.AppStore|ARM.ActiveCfg = Release|Any CPU
		{9C63F897-7B93-4E3D-BA25-D46B97420C1F}.AppStore|ARM.Build.0 = Release|Any CPU
		{9C63F897-7B93-4E3D-BA25-D46B97420C1F}.AppStore|iPhone.ActiveCfg = Release|Any CPU
		{9C63F897-7B93-4E3D-BA25-D46B97420C1F}.AppStore|iPhone.Build.0 = Release|Any CPU
		{9C63F897-7B93-4E3D-BA25-D46B97420C1F}.AppStore|iPhoneSimulator.ActiveCfg = Release|Any CPU
		{9C63F897-7B93-4E3D-BA25-D46B97420C1F}.AppStore|iPhoneSimulator.Build.0 = Release|Any CPU
		{9C63F897-7B93-4E3D-BA25-D46B97420C1F}.AppStore|x64.ActiveCfg = Release|Any CPU
		{9C63F897-7B93-4E3D-BA25-D46B97420C1F}.AppStore|x64.Build.0 = Release|Any CPU
		{9C63F897-7B93-4E3D-BA25-D46B97420C1F}.AppStore|x86.ActiveCfg = Release|Any CPU
		{9C63F897-7B93-4E3D-BA25-D46B97420C1F}.AppStore|x86.Build.0 = Release|Any CPU
		{9C63F897-7B93-4E3D-BA25-D46B97420C1F}.Debug|Any CPU.ActiveCfg = Debug|Any CPU
		{9C63F897-7B93-4E3D-BA25-D46B97420C1F}.Debug|Any CPU.Build.0 = Debug|Any CPU
		{9C63F897-7B93-4E3D-BA25-D46B97420C1F}.Debug|ARM.ActiveCfg = Debug|Any CPU
		{9C63F897-7B93-4E3D-BA25-D46B97420C1F}.Debug|ARM.Build.0 = Debug|Any CPU
		{9C63F897-7B93-4E3D-BA25-D46B97420C1F}.Debug|iPhone.ActiveCfg = Debug|Any CPU
		{9C63F897-7B93-4E3D-BA25-D46B97420C1F}.Debug|iPhone.Build.0 = Debug|Any CPU
		{9C63F897-7B93-4E3D-BA25-D46B97420C1F}.Debug|iPhoneSimulator.ActiveCfg = Debug|Any CPU
		{9C63F897-7B93-4E3D-BA25-D46B97420C1F}.Debug|iPhoneSimulator.Build.0 = Debug|Any CPU
		{9C63F897-7B93-4E3D-BA25-D46B97420C1F}.Debug|x64.ActiveCfg = Debug|Any CPU
		{9C63F897-7B93-4E3D-BA25-D46B97420C1F}.Debug|x64.Build.0 = Debug|Any CPU
		{9C63F897-7B93-4E3D-BA25-D46B97420C1F}.Debug|x86.ActiveCfg = Debug|Any CPU
		{9C63F897-7B93-4E3D-BA25-D46B97420C1F}.Debug|x86.Build.0 = Debug|Any CPU
		{9C63F897-7B93-4E3D-BA25-D46B97420C1F}.Release|Any CPU.ActiveCfg = Release|Any CPU
		{9C63F897-7B93-4E3D-BA25-D46B97420C1F}.Release|Any CPU.Build.0 = Release|Any CPU
		{9C63F897-7B93-4E3D-BA25-D46B97420C1F}.Release|ARM.ActiveCfg = Release|Any CPU
		{9C63F897-7B93-4E3D-BA25-D46B97420C1F}.Release|ARM.Build.0 = Release|Any CPU
		{9C63F897-7B93-4E3D-BA25-D46B97420C1F}.Release|iPhone.ActiveCfg = Release|Any CPU
		{9C63F897-7B93-4E3D-BA25-D46B97420C1F}.Release|iPhone.Build.0 = Release|Any CPU
		{9C63F897-7B93-4E3D-BA25-D46B97420C1F}.Release|iPhoneSimulator.ActiveCfg = Release|Any CPU
		{9C63F897-7B93-4E3D-BA25-D46B97420C1F}.Release|iPhoneSimulator.Build.0 = Release|Any CPU
		{9C63F897-7B93-4E3D-BA25-D46B97420C1F}.Release|x64.ActiveCfg = Release|Any CPU
		{9C63F897-7B93-4E3D-BA25-D46B97420C1F}.Release|x64.Build.0 = Release|Any CPU
		{9C63F897-7B93-4E3D-BA25-D46B97420C1F}.Release|x86.ActiveCfg = Release|Any CPU
		{9C63F897-7B93-4E3D-BA25-D46B97420C1F}.Release|x86.Build.0 = Release|Any CPU
		{5DECE498-FC32-4B05-A8D4-01202758560A}.Ad-Hoc|Any CPU.ActiveCfg = Release|Any CPU
		{5DECE498-FC32-4B05-A8D4-01202758560A}.Ad-Hoc|Any CPU.Build.0 = Release|Any CPU
		{5DECE498-FC32-4B05-A8D4-01202758560A}.Ad-Hoc|Any CPU.Deploy.0 = Release|Any CPU
		{5DECE498-FC32-4B05-A8D4-01202758560A}.Ad-Hoc|ARM.ActiveCfg = Release|Any CPU
		{5DECE498-FC32-4B05-A8D4-01202758560A}.Ad-Hoc|ARM.Build.0 = Release|Any CPU
		{5DECE498-FC32-4B05-A8D4-01202758560A}.Ad-Hoc|ARM.Deploy.0 = Release|Any CPU
		{5DECE498-FC32-4B05-A8D4-01202758560A}.Ad-Hoc|iPhone.ActiveCfg = Release|Any CPU
		{5DECE498-FC32-4B05-A8D4-01202758560A}.Ad-Hoc|iPhone.Build.0 = Release|Any CPU
		{5DECE498-FC32-4B05-A8D4-01202758560A}.Ad-Hoc|iPhone.Deploy.0 = Release|Any CPU
		{5DECE498-FC32-4B05-A8D4-01202758560A}.Ad-Hoc|iPhoneSimulator.ActiveCfg = Release|Any CPU
		{5DECE498-FC32-4B05-A8D4-01202758560A}.Ad-Hoc|iPhoneSimulator.Build.0 = Release|Any CPU
		{5DECE498-FC32-4B05-A8D4-01202758560A}.Ad-Hoc|iPhoneSimulator.Deploy.0 = Release|Any CPU
		{5DECE498-FC32-4B05-A8D4-01202758560A}.Ad-Hoc|x64.ActiveCfg = Release|Any CPU
		{5DECE498-FC32-4B05-A8D4-01202758560A}.Ad-Hoc|x64.Build.0 = Release|Any CPU
		{5DECE498-FC32-4B05-A8D4-01202758560A}.Ad-Hoc|x64.Deploy.0 = Release|Any CPU
		{5DECE498-FC32-4B05-A8D4-01202758560A}.Ad-Hoc|x86.ActiveCfg = Release|Any CPU
		{5DECE498-FC32-4B05-A8D4-01202758560A}.Ad-Hoc|x86.Build.0 = Release|Any CPU
		{5DECE498-FC32-4B05-A8D4-01202758560A}.Ad-Hoc|x86.Deploy.0 = Release|Any CPU
		{5DECE498-FC32-4B05-A8D4-01202758560A}.AppStore|Any CPU.ActiveCfg = Release|Any CPU
		{5DECE498-FC32-4B05-A8D4-01202758560A}.AppStore|Any CPU.Build.0 = Release|Any CPU
		{5DECE498-FC32-4B05-A8D4-01202758560A}.AppStore|Any CPU.Deploy.0 = Release|Any CPU
		{5DECE498-FC32-4B05-A8D4-01202758560A}.AppStore|ARM.ActiveCfg = Release|Any CPU
		{5DECE498-FC32-4B05-A8D4-01202758560A}.AppStore|ARM.Build.0 = Release|Any CPU
		{5DECE498-FC32-4B05-A8D4-01202758560A}.AppStore|ARM.Deploy.0 = Release|Any CPU
		{5DECE498-FC32-4B05-A8D4-01202758560A}.AppStore|iPhone.ActiveCfg = Release|Any CPU
		{5DECE498-FC32-4B05-A8D4-01202758560A}.AppStore|iPhone.Build.0 = Release|Any CPU
		{5DECE498-FC32-4B05-A8D4-01202758560A}.AppStore|iPhone.Deploy.0 = Release|Any CPU
		{5DECE498-FC32-4B05-A8D4-01202758560A}.AppStore|iPhoneSimulator.ActiveCfg = Release|Any CPU
		{5DECE498-FC32-4B05-A8D4-01202758560A}.AppStore|iPhoneSimulator.Build.0 = Release|Any CPU
		{5DECE498-FC32-4B05-A8D4-01202758560A}.AppStore|iPhoneSimulator.Deploy.0 = Release|Any CPU
		{5DECE498-FC32-4B05-A8D4-01202758560A}.AppStore|x64.ActiveCfg = Release|Any CPU
		{5DECE498-FC32-4B05-A8D4-01202758560A}.AppStore|x64.Build.0 = Release|Any CPU
		{5DECE498-FC32-4B05-A8D4-01202758560A}.AppStore|x64.Deploy.0 = Release|Any CPU
		{5DECE498-FC32-4B05-A8D4-01202758560A}.AppStore|x86.ActiveCfg = Release|Any CPU
		{5DECE498-FC32-4B05-A8D4-01202758560A}.AppStore|x86.Build.0 = Release|Any CPU
		{5DECE498-FC32-4B05-A8D4-01202758560A}.AppStore|x86.Deploy.0 = Release|Any CPU
		{5DECE498-FC32-4B05-A8D4-01202758560A}.Debug|Any CPU.ActiveCfg = Debug|Any CPU
		{5DECE498-FC32-4B05-A8D4-01202758560A}.Debug|Any CPU.Build.0 = Debug|Any CPU
		{5DECE498-FC32-4B05-A8D4-01202758560A}.Debug|Any CPU.Deploy.0 = Debug|Any CPU
		{5DECE498-FC32-4B05-A8D4-01202758560A}.Debug|ARM.ActiveCfg = Debug|Any CPU
		{5DECE498-FC32-4B05-A8D4-01202758560A}.Debug|ARM.Build.0 = Debug|Any CPU
		{5DECE498-FC32-4B05-A8D4-01202758560A}.Debug|ARM.Deploy.0 = Debug|Any CPU
		{5DECE498-FC32-4B05-A8D4-01202758560A}.Debug|iPhone.ActiveCfg = Debug|Any CPU
		{5DECE498-FC32-4B05-A8D4-01202758560A}.Debug|iPhone.Build.0 = Debug|Any CPU
		{5DECE498-FC32-4B05-A8D4-01202758560A}.Debug|iPhone.Deploy.0 = Debug|Any CPU
		{5DECE498-FC32-4B05-A8D4-01202758560A}.Debug|iPhoneSimulator.ActiveCfg = Debug|Any CPU
		{5DECE498-FC32-4B05-A8D4-01202758560A}.Debug|iPhoneSimulator.Build.0 = Debug|Any CPU
		{5DECE498-FC32-4B05-A8D4-01202758560A}.Debug|iPhoneSimulator.Deploy.0 = Debug|Any CPU
		{5DECE498-FC32-4B05-A8D4-01202758560A}.Debug|x64.ActiveCfg = Debug|Any CPU
		{5DECE498-FC32-4B05-A8D4-01202758560A}.Debug|x64.Build.0 = Debug|Any CPU
		{5DECE498-FC32-4B05-A8D4-01202758560A}.Debug|x64.Deploy.0 = Debug|Any CPU
		{5DECE498-FC32-4B05-A8D4-01202758560A}.Debug|x86.ActiveCfg = Debug|Any CPU
		{5DECE498-FC32-4B05-A8D4-01202758560A}.Debug|x86.Build.0 = Debug|Any CPU
		{5DECE498-FC32-4B05-A8D4-01202758560A}.Debug|x86.Deploy.0 = Debug|Any CPU
		{5DECE498-FC32-4B05-A8D4-01202758560A}.Release|Any CPU.ActiveCfg = Release|Any CPU
		{5DECE498-FC32-4B05-A8D4-01202758560A}.Release|Any CPU.Build.0 = Release|Any CPU
		{5DECE498-FC32-4B05-A8D4-01202758560A}.Release|Any CPU.Deploy.0 = Release|Any CPU
		{5DECE498-FC32-4B05-A8D4-01202758560A}.Release|ARM.ActiveCfg = Release|Any CPU
		{5DECE498-FC32-4B05-A8D4-01202758560A}.Release|ARM.Build.0 = Release|Any CPU
		{5DECE498-FC32-4B05-A8D4-01202758560A}.Release|ARM.Deploy.0 = Release|Any CPU
		{5DECE498-FC32-4B05-A8D4-01202758560A}.Release|iPhone.ActiveCfg = Release|Any CPU
		{5DECE498-FC32-4B05-A8D4-01202758560A}.Release|iPhone.Build.0 = Release|Any CPU
		{5DECE498-FC32-4B05-A8D4-01202758560A}.Release|iPhone.Deploy.0 = Release|Any CPU
		{5DECE498-FC32-4B05-A8D4-01202758560A}.Release|iPhoneSimulator.ActiveCfg = Release|Any CPU
		{5DECE498-FC32-4B05-A8D4-01202758560A}.Release|iPhoneSimulator.Build.0 = Release|Any CPU
		{5DECE498-FC32-4B05-A8D4-01202758560A}.Release|iPhoneSimulator.Deploy.0 = Release|Any CPU
		{5DECE498-FC32-4B05-A8D4-01202758560A}.Release|x64.ActiveCfg = Release|Any CPU
		{5DECE498-FC32-4B05-A8D4-01202758560A}.Release|x64.Build.0 = Release|Any CPU
		{5DECE498-FC32-4B05-A8D4-01202758560A}.Release|x64.Deploy.0 = Release|Any CPU
		{5DECE498-FC32-4B05-A8D4-01202758560A}.Release|x86.ActiveCfg = Release|Any CPU
		{5DECE498-FC32-4B05-A8D4-01202758560A}.Release|x86.Build.0 = Release|Any CPU
		{5DECE498-FC32-4B05-A8D4-01202758560A}.Release|x86.Deploy.0 = Release|Any CPU
		{2239BC58-BF12-44FD-8238-9F2CF13C95F9}.Ad-Hoc|Any CPU.ActiveCfg = Ad-Hoc|iPhone
		{2239BC58-BF12-44FD-8238-9F2CF13C95F9}.Ad-Hoc|ARM.ActiveCfg = Ad-Hoc|iPhone
		{2239BC58-BF12-44FD-8238-9F2CF13C95F9}.Ad-Hoc|iPhone.ActiveCfg = Ad-Hoc|iPhone
		{2239BC58-BF12-44FD-8238-9F2CF13C95F9}.Ad-Hoc|iPhone.Build.0 = Ad-Hoc|iPhone
		{2239BC58-BF12-44FD-8238-9F2CF13C95F9}.Ad-Hoc|iPhoneSimulator.ActiveCfg = Ad-Hoc|iPhoneSimulator
		{2239BC58-BF12-44FD-8238-9F2CF13C95F9}.Ad-Hoc|iPhoneSimulator.Build.0 = Ad-Hoc|iPhoneSimulator
		{2239BC58-BF12-44FD-8238-9F2CF13C95F9}.Ad-Hoc|x64.ActiveCfg = Ad-Hoc|iPhone
		{2239BC58-BF12-44FD-8238-9F2CF13C95F9}.Ad-Hoc|x86.ActiveCfg = Ad-Hoc|iPhone
		{2239BC58-BF12-44FD-8238-9F2CF13C95F9}.AppStore|Any CPU.ActiveCfg = AppStore|iPhone
		{2239BC58-BF12-44FD-8238-9F2CF13C95F9}.AppStore|ARM.ActiveCfg = AppStore|iPhone
		{2239BC58-BF12-44FD-8238-9F2CF13C95F9}.AppStore|iPhone.ActiveCfg = AppStore|iPhone
		{2239BC58-BF12-44FD-8238-9F2CF13C95F9}.AppStore|iPhone.Build.0 = AppStore|iPhone
		{2239BC58-BF12-44FD-8238-9F2CF13C95F9}.AppStore|iPhoneSimulator.ActiveCfg = AppStore|iPhoneSimulator
		{2239BC58-BF12-44FD-8238-9F2CF13C95F9}.AppStore|iPhoneSimulator.Build.0 = AppStore|iPhoneSimulator
		{2239BC58-BF12-44FD-8238-9F2CF13C95F9}.AppStore|x64.ActiveCfg = AppStore|iPhone
		{2239BC58-BF12-44FD-8238-9F2CF13C95F9}.AppStore|x86.ActiveCfg = AppStore|iPhone
		{2239BC58-BF12-44FD-8238-9F2CF13C95F9}.Debug|Any CPU.ActiveCfg = Debug|iPhone
		{2239BC58-BF12-44FD-8238-9F2CF13C95F9}.Debug|ARM.ActiveCfg = Debug|iPhone
		{2239BC58-BF12-44FD-8238-9F2CF13C95F9}.Debug|iPhone.ActiveCfg = Debug|iPhone
		{2239BC58-BF12-44FD-8238-9F2CF13C95F9}.Debug|iPhone.Build.0 = Debug|iPhone
		{2239BC58-BF12-44FD-8238-9F2CF13C95F9}.Debug|iPhoneSimulator.ActiveCfg = Debug|iPhoneSimulator
		{2239BC58-BF12-44FD-8238-9F2CF13C95F9}.Debug|iPhoneSimulator.Build.0 = Debug|iPhoneSimulator
		{2239BC58-BF12-44FD-8238-9F2CF13C95F9}.Debug|x64.ActiveCfg = Debug|iPhone
		{2239BC58-BF12-44FD-8238-9F2CF13C95F9}.Debug|x86.ActiveCfg = Debug|iPhone
		{2239BC58-BF12-44FD-8238-9F2CF13C95F9}.Release|Any CPU.ActiveCfg = Release|iPhone
		{2239BC58-BF12-44FD-8238-9F2CF13C95F9}.Release|ARM.ActiveCfg = Release|iPhone
		{2239BC58-BF12-44FD-8238-9F2CF13C95F9}.Release|iPhone.ActiveCfg = Release|iPhone
		{2239BC58-BF12-44FD-8238-9F2CF13C95F9}.Release|iPhone.Build.0 = Release|iPhone
		{2239BC58-BF12-44FD-8238-9F2CF13C95F9}.Release|iPhoneSimulator.ActiveCfg = Release|iPhoneSimulator
		{2239BC58-BF12-44FD-8238-9F2CF13C95F9}.Release|iPhoneSimulator.Build.0 = Release|iPhoneSimulator
		{2239BC58-BF12-44FD-8238-9F2CF13C95F9}.Release|x64.ActiveCfg = Release|iPhone
		{2239BC58-BF12-44FD-8238-9F2CF13C95F9}.Release|x86.ActiveCfg = Release|iPhone
		{4F214951-FB2C-40AE-A120-C3E94A84DC5B}.Ad-Hoc|Any CPU.ActiveCfg = Release|x86
		{4F214951-FB2C-40AE-A120-C3E94A84DC5B}.Ad-Hoc|Any CPU.Build.0 = Release|x86
		{4F214951-FB2C-40AE-A120-C3E94A84DC5B}.Ad-Hoc|Any CPU.Deploy.0 = Release|x86
		{4F214951-FB2C-40AE-A120-C3E94A84DC5B}.Ad-Hoc|ARM.ActiveCfg = Release|ARM
		{4F214951-FB2C-40AE-A120-C3E94A84DC5B}.Ad-Hoc|ARM.Build.0 = Release|ARM
		{4F214951-FB2C-40AE-A120-C3E94A84DC5B}.Ad-Hoc|ARM.Deploy.0 = Release|ARM
		{4F214951-FB2C-40AE-A120-C3E94A84DC5B}.Ad-Hoc|iPhone.ActiveCfg = Release|x86
		{4F214951-FB2C-40AE-A120-C3E94A84DC5B}.Ad-Hoc|iPhone.Build.0 = Release|x86
		{4F214951-FB2C-40AE-A120-C3E94A84DC5B}.Ad-Hoc|iPhone.Deploy.0 = Release|x86
		{4F214951-FB2C-40AE-A120-C3E94A84DC5B}.Ad-Hoc|iPhoneSimulator.ActiveCfg = Release|x86
		{4F214951-FB2C-40AE-A120-C3E94A84DC5B}.Ad-Hoc|iPhoneSimulator.Build.0 = Release|x86
		{4F214951-FB2C-40AE-A120-C3E94A84DC5B}.Ad-Hoc|iPhoneSimulator.Deploy.0 = Release|x86
		{4F214951-FB2C-40AE-A120-C3E94A84DC5B}.Ad-Hoc|x64.ActiveCfg = Release|x64
		{4F214951-FB2C-40AE-A120-C3E94A84DC5B}.Ad-Hoc|x64.Build.0 = Release|x64
		{4F214951-FB2C-40AE-A120-C3E94A84DC5B}.Ad-Hoc|x64.Deploy.0 = Release|x64
		{4F214951-FB2C-40AE-A120-C3E94A84DC5B}.Ad-Hoc|x86.ActiveCfg = Release|x86
		{4F214951-FB2C-40AE-A120-C3E94A84DC5B}.Ad-Hoc|x86.Build.0 = Release|x86
		{4F214951-FB2C-40AE-A120-C3E94A84DC5B}.Ad-Hoc|x86.Deploy.0 = Release|x86
		{4F214951-FB2C-40AE-A120-C3E94A84DC5B}.AppStore|Any CPU.ActiveCfg = Release|x86
		{4F214951-FB2C-40AE-A120-C3E94A84DC5B}.AppStore|Any CPU.Build.0 = Release|x86
		{4F214951-FB2C-40AE-A120-C3E94A84DC5B}.AppStore|Any CPU.Deploy.0 = Release|x86
		{4F214951-FB2C-40AE-A120-C3E94A84DC5B}.AppStore|ARM.ActiveCfg = Release|ARM
		{4F214951-FB2C-40AE-A120-C3E94A84DC5B}.AppStore|ARM.Build.0 = Release|ARM
		{4F214951-FB2C-40AE-A120-C3E94A84DC5B}.AppStore|ARM.Deploy.0 = Release|ARM
		{4F214951-FB2C-40AE-A120-C3E94A84DC5B}.AppStore|iPhone.ActiveCfg = Release|x86
		{4F214951-FB2C-40AE-A120-C3E94A84DC5B}.AppStore|iPhone.Build.0 = Release|x86
		{4F214951-FB2C-40AE-A120-C3E94A84DC5B}.AppStore|iPhone.Deploy.0 = Release|x86
		{4F214951-FB2C-40AE-A120-C3E94A84DC5B}.AppStore|iPhoneSimulator.ActiveCfg = Release|x86
		{4F214951-FB2C-40AE-A120-C3E94A84DC5B}.AppStore|iPhoneSimulator.Build.0 = Release|x86
		{4F214951-FB2C-40AE-A120-C3E94A84DC5B}.AppStore|iPhoneSimulator.Deploy.0 = Release|x86
		{4F214951-FB2C-40AE-A120-C3E94A84DC5B}.AppStore|x64.ActiveCfg = Release|x64
		{4F214951-FB2C-40AE-A120-C3E94A84DC5B}.AppStore|x64.Build.0 = Release|x64
		{4F214951-FB2C-40AE-A120-C3E94A84DC5B}.AppStore|x64.Deploy.0 = Release|x64
		{4F214951-FB2C-40AE-A120-C3E94A84DC5B}.AppStore|x86.ActiveCfg = Release|x86
		{4F214951-FB2C-40AE-A120-C3E94A84DC5B}.AppStore|x86.Build.0 = Release|x86
		{4F214951-FB2C-40AE-A120-C3E94A84DC5B}.AppStore|x86.Deploy.0 = Release|x86
		{4F214951-FB2C-40AE-A120-C3E94A84DC5B}.Debug|Any CPU.ActiveCfg = Debug|x86
		{4F214951-FB2C-40AE-A120-C3E94A84DC5B}.Debug|ARM.ActiveCfg = Debug|ARM
		{4F214951-FB2C-40AE-A120-C3E94A84DC5B}.Debug|ARM.Build.0 = Debug|ARM
		{4F214951-FB2C-40AE-A120-C3E94A84DC5B}.Debug|ARM.Deploy.0 = Debug|ARM
		{4F214951-FB2C-40AE-A120-C3E94A84DC5B}.Debug|iPhone.ActiveCfg = Debug|x86
		{4F214951-FB2C-40AE-A120-C3E94A84DC5B}.Debug|iPhoneSimulator.ActiveCfg = Debug|x86
		{4F214951-FB2C-40AE-A120-C3E94A84DC5B}.Debug|x64.ActiveCfg = Debug|x64
		{4F214951-FB2C-40AE-A120-C3E94A84DC5B}.Debug|x64.Build.0 = Debug|x64
		{4F214951-FB2C-40AE-A120-C3E94A84DC5B}.Debug|x64.Deploy.0 = Debug|x64
		{4F214951-FB2C-40AE-A120-C3E94A84DC5B}.Debug|x86.ActiveCfg = Debug|x86
		{4F214951-FB2C-40AE-A120-C3E94A84DC5B}.Debug|x86.Build.0 = Debug|x86
		{4F214951-FB2C-40AE-A120-C3E94A84DC5B}.Debug|x86.Deploy.0 = Debug|x86
		{4F214951-FB2C-40AE-A120-C3E94A84DC5B}.Release|Any CPU.ActiveCfg = Release|x86
		{4F214951-FB2C-40AE-A120-C3E94A84DC5B}.Release|ARM.ActiveCfg = Release|ARM
		{4F214951-FB2C-40AE-A120-C3E94A84DC5B}.Release|ARM.Build.0 = Release|ARM
		{4F214951-FB2C-40AE-A120-C3E94A84DC5B}.Release|ARM.Deploy.0 = Release|ARM
		{4F214951-FB2C-40AE-A120-C3E94A84DC5B}.Release|iPhone.ActiveCfg = Release|x86
		{4F214951-FB2C-40AE-A120-C3E94A84DC5B}.Release|iPhoneSimulator.ActiveCfg = Release|x86
		{4F214951-FB2C-40AE-A120-C3E94A84DC5B}.Release|x64.ActiveCfg = Release|x64
		{4F214951-FB2C-40AE-A120-C3E94A84DC5B}.Release|x64.Build.0 = Release|x64
		{4F214951-FB2C-40AE-A120-C3E94A84DC5B}.Release|x64.Deploy.0 = Release|x64
		{4F214951-FB2C-40AE-A120-C3E94A84DC5B}.Release|x86.ActiveCfg = Release|x86
		{4F214951-FB2C-40AE-A120-C3E94A84DC5B}.Release|x86.Build.0 = Release|x86
		{4F214951-FB2C-40AE-A120-C3E94A84DC5B}.Release|x86.Deploy.0 = Release|x86
	EndGlobalSection
	GlobalSection(SolutionProperties) = preSolution
		HideSolutionNode = FALSE
	EndGlobalSection
EndGlobal
